
Microsoft Visual Studio Solution File, Format Version 12.00
# Visual Studio 15
VisualStudioVersion = 15.0.28010.2050
MinimumVisualStudioVersion = 10.0.40219.1
Project("{9A19103F-16F7-4668-BE54-9A1E7A4F7556}") = "Monuments.Manager", "source\Presentation\Monuments.Manager\Monuments.Manager.csproj", "{5AFB964E-B68E-47F8-84D6-261948E0456D}"
EndProject
Project("{2150E333-8FDC-42A3-9474-1A3956D46DE8}") = "Presentation", "Presentation", "{034E0A58-33C4-4337-ADF9-04072EE0236B}"
EndProject
Project("{2150E333-8FDC-42A3-9474-1A3956D46DE8}") = "Tests", "Tests", "{876E9993-5EAE-450F-A3AD-2D2B49256BE2}"
EndProject
Project("{2150E333-8FDC-42A3-9474-1A3956D46DE8}") = "Core", "Core", "{49E63A8D-1B29-495F-BB3E-D1EF17391379}"
EndProject
Project("{9A19103F-16F7-4668-BE54-9A1E7A4F7556}") = "Monuments.Manager.Domain", "source\Core\Monuments.Manager.Domain\Monuments.Manager.Domain.csproj", "{D2EF23B1-1F44-4175-A0E0-547DA904BCC5}"
EndProject
Project("{2150E333-8FDC-42A3-9474-1A3956D46DE8}") = "Infrastructure", "Infrastructure", "{39547B44-E23A-4042-9A3E-231B42FFB9C1}"
EndProject
Project("{9A19103F-16F7-4668-BE54-9A1E7A4F7556}") = "Monuments.Manager.Persistence", "source\Infrastructure\Monuments.Manager.Persistence\Monuments.Manager.Persistence.csproj", "{0E3DD3F8-E536-4F05-B5A0-BCD97AA9D492}"
EndProject
Project("{9A19103F-16F7-4668-BE54-9A1E7A4F7556}") = "Monuments.Manager.Application", "source\Core\Monuments.Manager.Application\Monuments.Manager.Application.csproj", "{96BCA35F-4A86-48F8-B30C-4109E3F9C8AB}"
EndProject
Project("{9A19103F-16F7-4668-BE54-9A1E7A4F7556}") = "Monuments.Manager.Persistence.Tests", "source\Tests\Monuments.Manager.Persistence.Tests\Monuments.Manager.Persistence.Tests.csproj", "{2A4B122C-8C10-4770-8CBA-63C6510EA220}"
EndProject
Project("{9A19103F-16F7-4668-BE54-9A1E7A4F7556}") = "Monuments.Manager.Infrastructure", "source\Infrastructure\Monuments.Manager.Infrastructure\Monuments.Manager.Infrastructure.csproj", "{F341EEC4-8DA5-4A2E-AB1C-18BA0A2765B0}"
EndProject
Project("{2150E333-8FDC-42A3-9474-1A3956D46DE8}") = "Common", "Common", "{71336204-703D-498A-B5E2-9B0A3712C7CC}"
EndProject
Project("{9A19103F-16F7-4668-BE54-9A1E7A4F7556}") = "Monuments.Manager.Common", "source\Common\Monuments.Manager.Common\Monuments.Manager.Common.csproj", "{E73FC852-CB8C-468B-9B7B-F8474B904F50}"
EndProject
Project("{9A19103F-16F7-4668-BE54-9A1E7A4F7556}") = "Monuments.Manager.Infrastructure.Tests", "source\Tests\Monuments.Manager.Infrastructure.Tests\Monuments.Manager.Infrastructure.Tests.csproj", "{65F3B264-BB4E-4A32-9622-399FF0A3F4BF}"
EndProject
Project("{9A19103F-16F7-4668-BE54-9A1E7A4F7556}") = "Monuments.Manager.Application.Email", "source\Core\Monuments.Manager.Application.Email\Monuments.Manager.Application.Email.csproj", "{79F32B94-677F-4361-B9D4-14BE17AAF1E0}"
EndProject
Global
	GlobalSection(SolutionConfigurationPlatforms) = preSolution
		Debug|Any CPU = Debug|Any CPU
		Release|Any CPU = Release|Any CPU
	EndGlobalSection
	GlobalSection(ProjectConfigurationPlatforms) = postSolution
		{5AFB964E-B68E-47F8-84D6-261948E0456D}.Debug|Any CPU.ActiveCfg = Debug|Any CPU
		{5AFB964E-B68E-47F8-84D6-261948E0456D}.Debug|Any CPU.Build.0 = Debug|Any CPU
		{5AFB964E-B68E-47F8-84D6-261948E0456D}.Release|Any CPU.ActiveCfg = Release|Any CPU
		{5AFB964E-B68E-47F8-84D6-261948E0456D}.Release|Any CPU.Build.0 = Release|Any CPU
		{D2EF23B1-1F44-4175-A0E0-547DA904BCC5}.Debug|Any CPU.ActiveCfg = Debug|Any CPU
		{D2EF23B1-1F44-4175-A0E0-547DA904BCC5}.Debug|Any CPU.Build.0 = Debug|Any CPU
		{D2EF23B1-1F44-4175-A0E0-547DA904BCC5}.Release|Any CPU.ActiveCfg = Release|Any CPU
		{D2EF23B1-1F44-4175-A0E0-547DA904BCC5}.Release|Any CPU.Build.0 = Release|Any CPU
		{0E3DD3F8-E536-4F05-B5A0-BCD97AA9D492}.Debug|Any CPU.ActiveCfg = Debug|Any CPU
		{0E3DD3F8-E536-4F05-B5A0-BCD97AA9D492}.Debug|Any CPU.Build.0 = Debug|Any CPU
		{0E3DD3F8-E536-4F05-B5A0-BCD97AA9D492}.Release|Any CPU.ActiveCfg = Release|Any CPU
		{0E3DD3F8-E536-4F05-B5A0-BCD97AA9D492}.Release|Any CPU.Build.0 = Release|Any CPU
		{96BCA35F-4A86-48F8-B30C-4109E3F9C8AB}.Debug|Any CPU.ActiveCfg = Debug|Any CPU
		{96BCA35F-4A86-48F8-B30C-4109E3F9C8AB}.Debug|Any CPU.Build.0 = Debug|Any CPU
		{96BCA35F-4A86-48F8-B30C-4109E3F9C8AB}.Release|Any CPU.ActiveCfg = Release|Any CPU
		{96BCA35F-4A86-48F8-B30C-4109E3F9C8AB}.Release|Any CPU.Build.0 = Release|Any CPU
		{2A4B122C-8C10-4770-8CBA-63C6510EA220}.Debug|Any CPU.ActiveCfg = Debug|Any CPU
		{2A4B122C-8C10-4770-8CBA-63C6510EA220}.Debug|Any CPU.Build.0 = Debug|Any CPU
		{2A4B122C-8C10-4770-8CBA-63C6510EA220}.Release|Any CPU.ActiveCfg = Release|Any CPU
		{2A4B122C-8C10-4770-8CBA-63C6510EA220}.Release|Any CPU.Build.0 = Release|Any CPU
		{F341EEC4-8DA5-4A2E-AB1C-18BA0A2765B0}.Debug|Any CPU.ActiveCfg = Debug|Any CPU
		{F341EEC4-8DA5-4A2E-AB1C-18BA0A2765B0}.Debug|Any CPU.Build.0 = Debug|Any CPU
		{F341EEC4-8DA5-4A2E-AB1C-18BA0A2765B0}.Release|Any CPU.ActiveCfg = Release|Any CPU
		{F341EEC4-8DA5-4A2E-AB1C-18BA0A2765B0}.Release|Any CPU.Build.0 = Release|Any CPU
		{E73FC852-CB8C-468B-9B7B-F8474B904F50}.Debug|Any CPU.ActiveCfg = Debug|Any CPU
		{E73FC852-CB8C-468B-9B7B-F8474B904F50}.Debug|Any CPU.Build.0 = Debug|Any CPU
		{E73FC852-CB8C-468B-9B7B-F8474B904F50}.Release|Any CPU.ActiveCfg = Release|Any CPU
		{E73FC852-CB8C-468B-9B7B-F8474B904F50}.Release|Any CPU.Build.0 = Release|Any CPU
		{65F3B264-BB4E-4A32-9622-399FF0A3F4BF}.Debug|Any CPU.ActiveCfg = Debug|Any CPU
		{65F3B264-BB4E-4A32-9622-399FF0A3F4BF}.Debug|Any CPU.Build.0 = Debug|Any CPU
		{65F3B264-BB4E-4A32-9622-399FF0A3F4BF}.Release|Any CPU.ActiveCfg = Release|Any CPU
		{65F3B264-BB4E-4A32-9622-399FF0A3F4BF}.Release|Any CPU.Build.0 = Release|Any CPU
		{79F32B94-677F-4361-B9D4-14BE17AAF1E0}.Debug|Any CPU.ActiveCfg = Debug|Any CPU
		{79F32B94-677F-4361-B9D4-14BE17AAF1E0}.Debug|Any CPU.Build.0 = Debug|Any CPU
		{79F32B94-677F-4361-B9D4-14BE17AAF1E0}.Release|Any CPU.ActiveCfg = Release|Any CPU
		{79F32B94-677F-4361-B9D4-14BE17AAF1E0}.Release|Any CPU.Build.0 = Release|Any CPU
	EndGlobalSection
	GlobalSection(SolutionProperties) = preSolution
		HideSolutionNode = FALSE
	EndGlobalSection
	GlobalSection(NestedProjects) = preSolution
		{5AFB964E-B68E-47F8-84D6-261948E0456D} = {034E0A58-33C4-4337-ADF9-04072EE0236B}
		{D2EF23B1-1F44-4175-A0E0-547DA904BCC5} = {49E63A8D-1B29-495F-BB3E-D1EF17391379}
		{0E3DD3F8-E536-4F05-B5A0-BCD97AA9D492} = {39547B44-E23A-4042-9A3E-231B42FFB9C1}
		{96BCA35F-4A86-48F8-B30C-4109E3F9C8AB} = {49E63A8D-1B29-495F-BB3E-D1EF17391379}
		{2A4B122C-8C10-4770-8CBA-63C6510EA220} = {876E9993-5EAE-450F-A3AD-2D2B49256BE2}
		{F341EEC4-8DA5-4A2E-AB1C-18BA0A2765B0} = {39547B44-E23A-4042-9A3E-231B42FFB9C1}
		{E73FC852-CB8C-468B-9B7B-F8474B904F50} = {71336204-703D-498A-B5E2-9B0A3712C7CC}
		{65F3B264-BB4E-4A32-9622-399FF0A3F4BF} = {876E9993-5EAE-450F-A3AD-2D2B49256BE2}
		{79F32B94-677F-4361-B9D4-14BE17AAF1E0} = {49E63A8D-1B29-495F-BB3E-D1EF17391379}
	EndGlobalSection
	GlobalSection(ExtensibilityGlobals) = postSolution
		SolutionGuid = {C7129A89-93B0-48C4-9A44-C756583B4A5D}
	EndGlobalSection
EndGlobal
