
Microsoft Visual Studio Solution File, Format Version 12.00
# Visual Studio 15
VisualStudioVersion = 15.0.28010.2050
MinimumVisualStudioVersion = 10.0.40219.1
Project("{9A19103F-16F7-4668-BE54-9A1E7A4F7556}") = "Monuments.Manager", "source\Presentation\Monuments.Manager\Monuments.Manager.csproj", "{5AFB964E-B68E-47F8-84D6-261948E0456D}"
EndProject
Project("{2150E333-8FDC-42A3-9474-1A3956D46DE8}") = "Presentation", "Presentation", "{034E0A58-33C4-4337-ADF9-04072EE0236B}"
EndProject
Global
	GlobalSection(SolutionConfigurationPlatforms) = preSolution
		Debug|Any CPU = Debug|Any CPU
		Release|Any CPU = Release|Any CPU
	EndGlobalSection
	GlobalSection(ProjectConfigurationPlatforms) = postSolution
		{5AFB964E-B68E-47F8-84D6-261948E0456D}.Debug|Any CPU.ActiveCfg = Debug|Any CPU
		{5AFB964E-B68E-47F8-84D6-261948E0456D}.Debug|Any CPU.Build.0 = Debug|Any CPU
		{5AFB964E-B68E-47F8-84D6-261948E0456D}.Release|Any CPU.ActiveCfg = Release|Any CPU
		{5AFB964E-B68E-47F8-84D6-261948E0456D}.Release|Any CPU.Build.0 = Release|Any CPU
	EndGlobalSection
	GlobalSection(SolutionProperties) = preSolution
		HideSolutionNode = FALSE
	EndGlobalSection
	GlobalSection(NestedProjects) = preSolution
		{5AFB964E-B68E-47F8-84D6-261948E0456D} = {034E0A58-33C4-4337-ADF9-04072EE0236B}
	EndGlobalSection
	GlobalSection(ExtensibilityGlobals) = postSolution
		SolutionGuid = {C7129A89-93B0-48C4-9A44-C756583B4A5D}
	EndGlobalSection
EndGlobal
